<?xml version="1.0" encoding="utf-8"?>
<Project ToolsVersion="4.0" xmlns="http://schemas.microsoft.com/developer/msbuild/2003">
  <ItemGroup>
    <Filter Include="Source Files">
      <UniqueIdentifier>{4FC737F1-C7A5-4376-A066-2A32D752A2FF}</UniqueIdentifier>
      <Extensions>cpp;c;cc;cxx;def;odl;idl;hpj;bat;asm;asmx</Extensions>
    </Filter>
    <Filter Include="Header Files">
      <UniqueIdentifier>{93995380-89BD-4b04-88EB-625FBE52EBFB}</UniqueIdentifier>
      <Extensions>h;hh;hpp;hxx;hm;inl;inc;xsd</Extensions>
    </Filter>
    <Filter Include="Resource Files">
      <UniqueIdentifier>{67DA6AB6-F800-4c08-8B7A-83BB121AAD01}</UniqueIdentifier>
      <Extensions>rc;ico;cur;bmp;dlg;rc2;rct;bin;rgs;gif;jpg;jpeg;jpe;resx;tiff;tif;png;wav</Extensions>
    </Filter>
  </ItemGroup>
  <ItemGroup>
    <ClCompile Include="cmake-build-debug\cmakefiles\3.24.2\compileridc\CMakeCCompilerId.c">
      <Filter>Source Files</Filter>
    </ClCompile>
    <ClCompile Include="cmake-build-debug\cmakefiles\3.24.2\compileridcxx\CMakeCXXCompilerId.cpp">
      <Filter>Source Files</Filter>
    </ClCompile>
    <ClCompile Include="loader\main.cpp">
      <Filter>Source Files</Filter>
    </ClCompile>
    <ClCompile Include="notepadgame\dllmain.cpp">
      <Filter>Source Files</Filter>
    </ClCompile>
    <ClCompile Include="notepadgame\input.cpp">
      <Filter>Source Files</Filter>
    </ClCompile>
    <ClCompile Include="notepadgame\world.cpp">
      <Filter>Source Files</Filter>
    </ClCompile>
    <ClCompile Include="notepadgame\core\iat_hook.cpp">
      <Filter>Source Files</Filter>
    </ClCompile>
    <ClCompile Include="notepadgame\core\notepader.cpp">
      <Filter>Source Files</Filter>
    </ClCompile>
    <ClCompile Include="notepadgame\notepadgame\pch.cpp">
      <Filter>Source Files</Filter>
    </ClCompile>
    <ClCompile Include="notepadgame\world_entities\actor.cpp">
      <Filter>Source Files</Filter>
    </ClCompile>
    <ClCompile Include="notepadgame\world_entities\character.cpp">
      <Filter>Source Files</Filter>
    </ClCompile>
    <ClCompile Include="notepadgame\world_entities\projectile.cpp">
      <Filter>Source Files</Filter>
    </ClCompile>
    <ClCompile Include="out\build\x64-debug\cmakefiles\3.24.202208181-msvc_2\compileridc\CMakeCCompilerId.c">
      <Filter>Source Files</Filter>
    </ClCompile>
    <ClCompile Include="out\build\x64-debug\cmakefiles\3.24.202208181-msvc_2\compileridcxx\CMakeCXXCompilerId.cpp">
      <Filter>Source Files</Filter>
    </ClCompile>
    <ClCompile Include="out\build\x64-debug\cmakefiles\showincludes\main.c">
      <Filter>Source Files</Filter>
    </ClCompile>
  </ItemGroup>
  <ItemGroup>
    <ClInclude Include="resource.h">
      <Filter>Header Files</Filter>
    </ClInclude>
    <ClInclude Include="notepadgame\input.h">
      <Filter>Header Files</Filter>
    </ClInclude>
    <ClInclude Include="notepadgame\world.h">
      <Filter>Header Files</Filter>
    </ClInclude>
    <ClInclude Include="notepadgame\core\iat_hook.h">
      <Filter>Header Files</Filter>
    </ClInclude>
    <ClInclude Include="notepadgame\core\notepader.h">
      <Filter>Header Files</Filter>
    </ClInclude>
    <ClInclude Include="notepadgame\core\outlog.h">
      <Filter>Header Files</Filter>
    </ClInclude>
    <ClInclude Include="notepadgame\notepadgame\framework.h">
      <Filter>Header Files</Filter>
    </ClInclude>
    <ClInclude Include="notepadgame\notepadgame\pch.h">
      <Filter>Header Files</Filter>
    </ClInclude>
    <ClInclude Include="notepadgame\world_entities\actor.h">
      <Filter>Header Files</Filter>
    </ClInclude>
    <ClInclude Include="notepadgame\world_entities\character.h">
      <Filter>Header Files</Filter>
    </ClInclude>
    <ClInclude Include="notepadgame\world_entities\projectile.h">
      <Filter>Header Files</Filter>
    </ClInclude>
    <ClInclude Include="out\build\x64-debug\cmakefiles\showincludes\foo.h">
      <Filter>Header Files</Filter>
    </ClInclude>
  </ItemGroup>
  <ItemGroup>
    <None Include="cmake-build-debug\cmakefiles\3.24.2\CMakeDetermineCompilerABI_C.bin">
      <Filter>Resource Files</Filter>
    </None>
    <None Include="cmake-build-debug\cmakefiles\3.24.2\CMakeDetermineCompilerABI_CXX.bin">
      <Filter>Resource Files</Filter>
    </None>
    <None Include="out\build\x64-debug\cmakefiles\3.24.202208181-msvc_2\CMakeDetermineCompilerABI_C.bin">
      <Filter>Resource Files</Filter>
    </None>
    <None Include="out\build\x64-debug\cmakefiles\3.24.202208181-msvc_2\CMakeDetermineCompilerABI_CXX.bin">
      <Filter>Resource Files</Filter>
    </None>
  </ItemGroup>
</Project>