<?xml version="1.0" encoding="utf-8"?>
<Project ToolsVersion="4.0" xmlns="http://schemas.microsoft.com/developer/msbuild/2003">
  <ItemGroup>
    <Filter Include="Source Files">
      <UniqueIdentifier>{4FC737F1-C7A5-4376-A066-2A32D752A2FF}</UniqueIdentifier>
      <Extensions>cpp;c;cc;cxx;def;odl;idl;hpj;bat;asm;asmx</Extensions>
    </Filter>
    <Filter Include="Header Files">
      <UniqueIdentifier>{93995380-89BD-4b04-88EB-625FBE52EBFB}</UniqueIdentifier>
      <Extensions>h;hh;hpp;hxx;hm;inl;inc;xsd</Extensions>
    </Filter>
    <Filter Include="Resource Files">
      <UniqueIdentifier>{67DA6AB6-F800-4c08-8B7A-83BB121AAD01}</UniqueIdentifier>
      <Extensions>rc;ico;cur;bmp;dlg;rc2;rct;bin;rgs;gif;jpg;jpeg;jpe;resx;tiff;tif;png;wav</Extensions>
    </Filter>
  </ItemGroup>
  <ItemGroup>
    <ClCompile Include="dllmain.cpp">
      <Filter>Source Files</Filter>
    </ClCompile>
    <ClCompile Include="core\base_types.cpp">
      <Filter>Source Files</Filter>
    </ClCompile>
    <ClCompile Include="core\engine.cpp">
      <Filter>Source Files</Filter>
    </ClCompile>
    <ClCompile Include="core\gamelog.cpp">
      <Filter>Source Files</Filter>
    </ClCompile>
    <ClCompile Include="core\input.cpp">
      <Filter>Source Files</Filter>
    </ClCompile>
    <ClCompile Include="core\notepader.cpp">
      <Filter>Source Files</Filter>
    </ClCompile>
    <ClCompile Include="core\tick.cpp">
      <Filter>Source Files</Filter>
    </ClCompile>
    <ClCompile Include="core\world.cpp">
      <Filter>Source Files</Filter>
    </ClCompile>
    <ClCompile Include="ecs_processors\collision.cpp">
      <Filter>Source Files</Filter>
    </ClCompile>
    <ClCompile Include="ecs_processors\tick_new.cpp">
      <Filter>Source Files</Filter>
    </ClCompile>
    <ClCompile Include="entities\actor.cpp">
      <Filter>Source Files</Filter>
    </ClCompile>
    <ClCompile Include="entities\atmosphere.cpp">
      <Filter>Source Files</Filter>
    </ClCompile>
    <ClCompile Include="entities\character.cpp">
      <Filter>Source Files</Filter>
    </ClCompile>
    <ClCompile Include="entities\projectile.cpp">
      <Filter>Source Files</Filter>
    </ClCompile>
  </ItemGroup>
  <ItemGroup>
    <ClInclude Include="core\base_types.h">
      <Filter>Header Files</Filter>
    </ClInclude>
    <ClInclude Include="core\engine.h">
      <Filter>Header Files</Filter>
    </ClInclude>
    <ClInclude Include="core\gamelog.h">
      <Filter>Header Files</Filter>
    </ClInclude>
    <ClInclude Include="core\iat_hook.h">
      <Filter>Header Files</Filter>
    </ClInclude>
    <ClInclude Include="core\input.h">
      <Filter>Header Files</Filter>
    </ClInclude>
    <ClInclude Include="core\notepader.h">
      <Filter>Header Files</Filter>
    </ClInclude>
    <ClInclude Include="core\tick.h">
      <Filter>Header Files</Filter>
    </ClInclude>
    <ClInclude Include="core\world.h">
      <Filter>Header Files</Filter>
    </ClInclude>
    <ClInclude Include="ecs_processors\collision.h">
      <Filter>Header Files</Filter>
    </ClInclude>
    <ClInclude Include="ecs_processors\tick_new.h">
      <Filter>Header Files</Filter>
    </ClInclude>
    <ClInclude Include="entities\actor.h">
      <Filter>Header Files</Filter>
    </ClInclude>
    <ClInclude Include="entities\atmosphere.h">
      <Filter>Header Files</Filter>
    </ClInclude>
    <ClInclude Include="entities\character.h">
      <Filter>Header Files</Filter>
    </ClInclude>
    <ClInclude Include="entities\projectile.h">
      <Filter>Header Files</Filter>
    </ClInclude>
  </ItemGroup>
</Project>